
Microsoft Visual Studio Solution File, Format Version 12.00
# Visual Studio Version 16
VisualStudioVersion = 16.0.30204.135
MinimumVisualStudioVersion = 10.0.40219.1
Project("{FAE04EC0-301F-11D3-BF4B-00C04F79EFBC}") = "catsandwich.ca", "catsandwich.ca\catsandwich.ca.csproj", "{BD0F3E9B-7ACF-4C1E-BF73-966D45E8F837}"
EndProject
Global
	GlobalSection(SolutionConfigurationPlatforms) = preSolution
		Debug|Any CPU = Debug|Any CPU
		Release|Any CPU = Release|Any CPU
	EndGlobalSection
	GlobalSection(ProjectConfigurationPlatforms) = postSolution
		{BD0F3E9B-7ACF-4C1E-BF73-966D45E8F837}.Debug|Any CPU.ActiveCfg = Debug|Any CPU
		{BD0F3E9B-7ACF-4C1E-BF73-966D45E8F837}.Debug|Any CPU.Build.0 = Debug|Any CPU
		{BD0F3E9B-7ACF-4C1E-BF73-966D45E8F837}.Release|Any CPU.ActiveCfg = Release|Any CPU
		{BD0F3E9B-7ACF-4C1E-BF73-966D45E8F837}.Release|Any CPU.Build.0 = Release|Any CPU
	EndGlobalSection
	GlobalSection(SolutionProperties) = preSolution
		HideSolutionNode = FALSE
	EndGlobalSection
	GlobalSection(ExtensibilityGlobals) = postSolution
		SolutionGuid = {1C5DF976-CE05-4B87-BB43-F2D24556BB7A}
	EndGlobalSection
EndGlobal
